
Microsoft Visual Studio Solution File, Format Version 12.00
# Visual Studio Version 17
VisualStudioVersion = 17.0.31919.166
MinimumVisualStudioVersion = 10.0.40219.1
Project("{FAE04EC0-301F-11D3-BF4B-00C04F79EFBC}") = "Demo", "Demo\Demo.csproj", "{D21B8666-2E00-4807-8E5E-D8AEAFBDB900}"
EndProject
Project("{FAE04EC0-301F-11D3-BF4B-00C04F79EFBC}") = "DemoTest", "DemoTest\DemoTest.csproj", "{B600BE2E-00A0-4A79-BC74-8AF8BE18E340}"
EndProject
Global
	GlobalSection(SolutionConfigurationPlatforms) = preSolution
		Debug|Any CPU = Debug|Any CPU
		Release|Any CPU = Release|Any CPU
	EndGlobalSection
	GlobalSection(ProjectConfigurationPlatforms) = postSolution
		{D21B8666-2E00-4807-8E5E-D8AEAFBDB900}.Debug|Any CPU.ActiveCfg = Debug|Any CPU
		{D21B8666-2E00-4807-8E5E-D8AEAFBDB900}.Debug|Any CPU.Build.0 = Debug|Any CPU
		{D21B8666-2E00-4807-8E5E-D8AEAFBDB900}.Release|Any CPU.ActiveCfg = Release|Any CPU
		{D21B8666-2E00-4807-8E5E-D8AEAFBDB900}.Release|Any CPU.Build.0 = Release|Any CPU
		{B600BE2E-00A0-4A79-BC74-8AF8BE18E340}.Debug|Any CPU.ActiveCfg = Debug|Any CPU
		{B600BE2E-00A0-4A79-BC74-8AF8BE18E340}.Debug|Any CPU.Build.0 = Debug|Any CPU
		{B600BE2E-00A0-4A79-BC74-8AF8BE18E340}.Release|Any CPU.ActiveCfg = Release|Any CPU
		{B600BE2E-00A0-4A79-BC74-8AF8BE18E340}.Release|Any CPU.Build.0 = Release|Any CPU
	EndGlobalSection
	GlobalSection(SolutionProperties) = preSolution
		HideSolutionNode = FALSE
	EndGlobalSection
	GlobalSection(ExtensibilityGlobals) = postSolution
		SolutionGuid = {64B7DA77-7A77-453B-995D-8FF6AAC87450}
	EndGlobalSection
EndGlobal
